// !$*UTF8*$!
{
	archiveVersion = 1;
	classes = {
	};
	objectVersion = 56;
	objects = {

/* Begin PBXBuildFile section */
		841900F029C734F800FC53BE /* TrekkerApp.swift in Sources */ = {isa = PBXBuildFile; fileRef = 841900EF29C734F800FC53BE /* TrekkerApp.swift */; };
		841900F229C734F800FC53BE /* ContentView.swift in Sources */ = {isa = PBXBuildFile; fileRef = 841900F129C734F800FC53BE /* ContentView.swift */; };
		841900F429C734FA00FC53BE /* Assets.xcassets in Resources */ = {isa = PBXBuildFile; fileRef = 841900F329C734FA00FC53BE /* Assets.xcassets */; };
		841900F729C734FA00FC53BE /* Preview Assets.xcassets in Resources */ = {isa = PBXBuildFile; fileRef = 841900F629C734FA00FC53BE /* Preview Assets.xcassets */; };
		841900FE29C7378900FC53BE /* tips.json in Resources */ = {isa = PBXBuildFile; fileRef = 841900FD29C7378900FC53BE /* tips.json */; };
		8419010029C7379400FC53BE /* locations.json in Resources */ = {isa = PBXBuildFile; fileRef = 841900FF29C7379400FC53BE /* locations.json */; };
		84F3C66D29C7C7DD006C939F /* Location.swift in Sources */ = {isa = PBXBuildFile; fileRef = 84F3C66C29C7C7DD006C939F /* Location.swift */; };
		84F3C66F29C7CC7A006C939F /* Locations.swift in Sources */ = {isa = PBXBuildFile; fileRef = 84F3C66E29C7CC7A006C939F /* Locations.swift */; };
		84F3C67129C7D2B3006C939F /* WorldView.swift in Sources */ = {isa = PBXBuildFile; fileRef = 84F3C67029C7D2B3006C939F /* WorldView.swift */; };
		84F3C67329C7DBE2006C939F /* Tips.swift in Sources */ = {isa = PBXBuildFile; fileRef = 84F3C67229C7DBE2006C939F /* Tips.swift */; };
		84F3C67529C7DC32006C939F /* TipsView.swift in Sources */ = {isa = PBXBuildFile; fileRef = 84F3C67429C7DC32006C939F /* TipsView.swift */; };
/* End PBXBuildFile section */

/* Begin PBXFileReference section */
		841900EC29C734F800FC53BE /* Trekker.app */ = {isa = PBXFileReference; explicitFileType = wrapper.application; includeInIndex = 0; path = Trekker.app; sourceTree = BUILT_PRODUCTS_DIR; };
		841900EF29C734F800FC53BE /* TrekkerApp.swift */ = {isa = PBXFileReference; lastKnownFileType = sourcecode.swift; path = TrekkerApp.swift; sourceTree = "<group>"; };
		841900F129C734F800FC53BE /* ContentView.swift */ = {isa = PBXFileReference; lastKnownFileType = sourcecode.swift; path = ContentView.swift; sourceTree = "<group>"; };
		841900F329C734FA00FC53BE /* Assets.xcassets */ = {isa = PBXFileReference; lastKnownFileType = folder.assetcatalog; path = Assets.xcassets; sourceTree = "<group>"; };
		841900F629C734FA00FC53BE /* Preview Assets.xcassets */ = {isa = PBXFileReference; lastKnownFileType = folder.assetcatalog; path = "Preview Assets.xcassets"; sourceTree = "<group>"; };
		841900FD29C7378900FC53BE /* tips.json */ = {isa = PBXFileReference; fileEncoding = 4; lastKnownFileType = text.json; path = tips.json; sourceTree = "<group>"; };
		841900FF29C7379400FC53BE /* locations.json */ = {isa = PBXFileReference; fileEncoding = 4; lastKnownFileType = text.json; path = locations.json; sourceTree = "<group>"; };
		84F3C66C29C7C7DD006C939F /* Location.swift */ = {isa = PBXFileReference; lastKnownFileType = sourcecode.swift; path = Location.swift; sourceTree = "<group>"; };
		84F3C66E29C7CC7A006C939F /* Locations.swift */ = {isa = PBXFileReference; lastKnownFileType = sourcecode.swift; path = Locations.swift; sourceTree = "<group>"; };
		84F3C67029C7D2B3006C939F /* WorldView.swift */ = {isa = PBXFileReference; lastKnownFileType = sourcecode.swift; path = WorldView.swift; sourceTree = "<group>"; };
		84F3C67229C7DBE2006C939F /* Tips.swift */ = {isa = PBXFileReference; lastKnownFileType = sourcecode.swift; path = Tips.swift; sourceTree = "<group>"; };
		84F3C67429C7DC32006C939F /* TipsView.swift */ = {isa = PBXFileReference; lastKnownFileType = sourcecode.swift; path = TipsView.swift; sourceTree = "<group>"; };
/* End PBXFileReference section */

/* Begin PBXFrameworksBuildPhase section */
		841900E929C734F800FC53BE /* Frameworks */ = {
			isa = PBXFrameworksBuildPhase;
			buildActionMask = 2147483647;
			files = (
			);
			runOnlyForDeploymentPostprocessing = 0;
		};
/* End PBXFrameworksBuildPhase section */

/* Begin PBXGroup section */
		841900E329C734F800FC53BE = {
			isa = PBXGroup;
			children = (
				841900EE29C734F800FC53BE /* Trekker */,
				841900ED29C734F800FC53BE /* Products */,
			);
			sourceTree = "<group>";
		};
		841900ED29C734F800FC53BE /* Products */ = {
			isa = PBXGroup;
			children = (
				841900EC29C734F800FC53BE /* Trekker.app */,
			);
			name = Products;
			sourceTree = "<group>";
		};
		841900EE29C734F800FC53BE /* Trekker */ = {
			isa = PBXGroup;
			children = (
				841900EF29C734F800FC53BE /* TrekkerApp.swift */,
				84F3C67029C7D2B3006C939F /* WorldView.swift */,
				84F3C67229C7DBE2006C939F /* Tips.swift */,
				84F3C67429C7DC32006C939F /* TipsView.swift */,
				841900F129C734F800FC53BE /* ContentView.swift */,
				84F3C66E29C7CC7A006C939F /* Locations.swift */,
				84F3C66C29C7C7DD006C939F /* Location.swift */,
				841900F329C734FA00FC53BE /* Assets.xcassets */,
				841900FF29C7379400FC53BE /* locations.json */,
				841900FD29C7378900FC53BE /* tips.json */,
				841900F529C734FA00FC53BE /* Preview Content */,
			);
			path = Trekker;
			sourceTree = "<group>";
		};
		841900F529C734FA00FC53BE /* Preview Content */ = {
			isa = PBXGroup;
			children = (
				841900F629C734FA00FC53BE /* Preview Assets.xcassets */,
			);
			path = "Preview Content";
			sourceTree = "<group>";
		};
/* End PBXGroup section */

/* Begin PBXNativeTarget section */
		841900EB29C734F800FC53BE /* Trekker */ = {
			isa = PBXNativeTarget;
			buildConfigurationList = 841900FA29C734FA00FC53BE /* Build configuration list for PBXNativeTarget "Trekker" */;
			buildPhases = (
				841900E829C734F800FC53BE /* Sources */,
				841900E929C734F800FC53BE /* Frameworks */,
				841900EA29C734F800FC53BE /* Resources */,
			);
			buildRules = (
			);
			dependencies = (
			);
			name = Trekker;
			productName = Trekker;
			productReference = 841900EC29C734F800FC53BE /* Trekker.app */;
			productType = "com.apple.product-type.application";
		};
/* End PBXNativeTarget section */

/* Begin PBXProject section */
		841900E429C734F800FC53BE /* Project object */ = {
			isa = PBXProject;
			attributes = {
				BuildIndependentTargetsInParallel = 1;
				LastSwiftUpdateCheck = 1400;
				LastUpgradeCheck = 1400;
				TargetAttributes = {
					841900EB29C734F800FC53BE = {
						CreatedOnToolsVersion = 14.0.1;
					};
				};
			};
			buildConfigurationList = 841900E729C734F800FC53BE /* Build configuration list for PBXProject "Trekker" */;
			compatibilityVersion = "Xcode 14.0";
			developmentRegion = en;
			hasScannedForEncodings = 0;
			knownRegions = (
				en,
				Base,
			);
			mainGroup = 841900E329C734F800FC53BE;
			productRefGroup = 841900ED29C734F800FC53BE /* Products */;
			projectDirPath = "";
			projectRoot = "";
			targets = (
				841900EB29C734F800FC53BE /* Trekker */,
			);
		};
/* End PBXProject section */

/* Begin PBXResourcesBuildPhase section */
		841900EA29C734F800FC53BE /* Resources */ = {
			isa = PBXResourcesBuildPhase;
			buildActionMask = 2147483647;
			files = (
				841900F729C734FA00FC53BE /* Preview Assets.xcassets in Resources */,
				841900F429C734FA00FC53BE /* Assets.xcassets in Resources */,
				8419010029C7379400FC53BE /* locations.json in Resources */,
				841900FE29C7378900FC53BE /* tips.json in Resources */,
			);
			runOnlyForDeploymentPostprocessing = 0;
		};
/* End PBXResourcesBuildPhase section */

/* Begin PBXSourcesBuildPhase section */
		841900E829C734F800FC53BE /* Sources */ = {
			isa = PBXSourcesBuildPhase;
			buildActionMask = 2147483647;
			files = (
				841900F229C734F800FC53BE /* ContentView.swift in Sources */,
				84F3C66D29C7C7DD006C939F /* Location.swift in Sources */,
				84F3C67129C7D2B3006C939F /* WorldView.swift in Sources */,
				84F3C66F29C7CC7A006C939F /* Locations.swift in Sources */,
				84F3C67529C7DC32006C939F /* TipsView.swift in Sources */,
				841900F029C734F800FC53BE /* TrekkerApp.swift in Sources */,
				84F3C67329C7DBE2006C939F /* Tips.swift in Sources */,
			);
			runOnlyForDeploymentPostprocessing = 0;
		};
/* End PBXSourcesBuildPhase section */

/* Begin XCBuildConfiguration section */
		841900F829C734FA00FC53BE /* Debug */ = {
			isa = XCBuildConfiguration;
			buildSettings = {
				ALWAYS_SEARCH_USER_PATHS = NO;
				CLANG_ANALYZER_NONNULL = YES;
				CLANG_ANALYZER_NUMBER_OBJECT_CONVERSION = YES_AGGRESSIVE;
				CLANG_CXX_LANGUAGE_STANDARD = "gnu++20";
				CLANG_ENABLE_MODULES = YES;
				CLANG_ENABLE_OBJC_ARC = YES;
				CLANG_ENABLE_OBJC_WEAK = YES;
				CLANG_WARN_BLOCK_CAPTURE_AUTORELEASING = YES;
				CLANG_WARN_BOOL_CONVERSION = YES;
				CLANG_WARN_COMMA = YES;
				CLANG_WARN_CONSTANT_CONVERSION = YES;
				CLANG_WARN_DEPRECATED_OBJC_IMPLEMENTATIONS = YES;
				CLANG_WARN_DIRECT_OBJC_ISA_USAGE = YES_ERROR;
				CLANG_WARN_DOCUMENTATION_COMMENTS = YES;
				CLANG_WARN_EMPTY_BODY = YES;
				CLANG_WARN_ENUM_CONVERSION = YES;
				CLANG_WARN_INFINITE_RECURSION = YES;
				CLANG_WARN_INT_CONVERSION = YES;
				CLANG_WARN_NON_LITERAL_NULL_CONVERSION = YES;
				CLANG_WARN_OBJC_IMPLICIT_RETAIN_SELF = YES;
				CLANG_WARN_OBJC_LITERAL_CONVERSION = YES;
				CLANG_WARN_OBJC_ROOT_CLASS = YES_ERROR;
				CLANG_WARN_QUOTED_INCLUDE_IN_FRAMEWORK_HEADER = YES;
				CLANG_WARN_RANGE_LOOP_ANALYSIS = YES;
				CLANG_WARN_STRICT_PROTOTYPES = YES;
				CLANG_WARN_SUSPICIOUS_MOVE = YES;
				CLANG_WARN_UNGUARDED_AVAILABILITY = YES_AGGRESSIVE;
				CLANG_WARN_UNREACHABLE_CODE = YES;
				CLANG_WARN__DUPLICATE_METHOD_MATCH = YES;
				COPY_PHASE_STRIP = NO;
				DEBUG_INFORMATION_FORMAT = dwarf;
				ENABLE_STRICT_OBJC_MSGSEND = YES;
				ENABLE_TESTABILITY = YES;
				GCC_C_LANGUAGE_STANDARD = gnu11;
				GCC_DYNAMIC_NO_PIC = NO;
				GCC_NO_COMMON_BLOCKS = YES;
				GCC_OPTIMIZATION_LEVEL = 0;
				GCC_PREPROCESSOR_DEFINITIONS = (
					"DEBUG=1",
					"$(inherited)",
				);
				GCC_WARN_64_TO_32_BIT_CONVERSION = YES;
				GCC_WARN_ABOUT_RETURN_TYPE = YES_ERROR;
				GCC_WARN_UNDECLARED_SELECTOR = YES;
				GCC_WARN_UNINITIALIZED_AUTOS = YES_AGGRESSIVE;
				GCC_WARN_UNUSED_FUNCTION = YES;
				GCC_WARN_UNUSED_VARIABLE = YES;
				IPHONEOS_DEPLOYMENT_TARGET = 16.0;
				MTL_ENABLE_DEBUG_INFO = INCLUDE_SOURCE;
				MTL_FAST_MATH = YES;
				ONLY_ACTIVE_ARCH = YES;
				SDKROOT = iphoneos;
				SWIFT_ACTIVE_COMPILATION_CONDITIONS = DEBUG;
				SWIFT_OPTIMIZATION_LEVEL = "-Onone";
			};
			name = Debug;
		};
		841900F929C734FA00FC53BE /* Release */ = {
			isa = XCBuildConfiguration;
			buildSettings = {
				ALWAYS_SEARCH_USER_PATHS = NO;
				CLANG_ANALYZER_NONNULL = YES;
				CLANG_ANALYZER_NUMBER_OBJECT_CONVERSION = YES_AGGRESSIVE;
				CLANG_CXX_LANGUAGE_STANDARD = "gnu++20";
				CLANG_ENABLE_MODULES = YES;
				CLANG_ENABLE_OBJC_ARC = YES;
				CLANG_ENABLE_OBJC_WEAK = YES;
				CLANG_WARN_BLOCK_CAPTURE_AUTORELEASING = YES;
				CLANG_WARN_BOOL_CONVERSION = YES;
				CLANG_WARN_COMMA = YES;
				CLANG_WARN_CONSTANT_CONVERSION = YES;
				CLANG_WARN_DEPRECATED_OBJC_IMPLEMENTATIONS = YES;
				CLANG_WARN_DIRECT_OBJC_ISA_USAGE = YES_ERROR;
				CLANG_WARN_DOCUMENTATION_COMMENTS = YES;
				CLANG_WARN_EMPTY_BODY = YES;
				CLANG_WARN_ENUM_CONVERSION = YES;
				CLANG_WARN_INFINITE_RECURSION = YES;
				CLANG_WARN_INT_CONVERSION = YES;
				CLANG_WARN_NON_LITERAL_NULL_CONVERSION = YES;
				CLANG_WARN_OBJC_IMPLICIT_RETAIN_SELF = YES;
				CLANG_WARN_OBJC_LITERAL_CONVERSION = YES;
				CLANG_WARN_OBJC_ROOT_CLASS = YES_ERROR;
				CLANG_WARN_QUOTED_INCLUDE_IN_FRAMEWORK_HEADER = YES;
				CLANG_WARN_RANGE_LOOP_ANALYSIS = YES;
				CLANG_WARN_STRICT_PROTOTYPES = YES;
				CLANG_WARN_SUSPICIOUS_MOVE = YES;
				CLANG_WARN_UNGUARDED_AVAILABILITY = YES_AGGRESSIVE;
				CLANG_WARN_UNREACHABLE_CODE = YES;
				CLANG_WARN__DUPLICATE_METHOD_MATCH = YES;
				COPY_PHASE_STRIP = NO;
				DEBUG_INFORMATION_FORMAT = "dwarf-with-dsym";
				ENABLE_NS_ASSERTIONS = NO;
				ENABLE_STRICT_OBJC_MSGSEND = YES;
				GCC_C_LANGUAGE_STANDARD = gnu11;
				GCC_NO_COMMON_BLOCKS = YES;
				GCC_WARN_64_TO_32_BIT_CONVERSION = YES;
				GCC_WARN_ABOUT_RETURN_TYPE = YES_ERROR;
				GCC_WARN_UNDECLARED_SELECTOR = YES;
				GCC_WARN_UNINITIALIZED_AUTOS = YES_AGGRESSIVE;
				GCC_WARN_UNUSED_FUNCTION = YES;
				GCC_WARN_UNUSED_VARIABLE = YES;
				IPHONEOS_DEPLOYMENT_TARGET = 16.0;
				MTL_ENABLE_DEBUG_INFO = NO;
				MTL_FAST_MATH = YES;
				SDKROOT = iphoneos;
				SWIFT_COMPILATION_MODE = wholemodule;
				SWIFT_OPTIMIZATION_LEVEL = "-O";
				VALIDATE_PRODUCT = YES;
			};
			name = Release;
		};
		841900FB29C734FA00FC53BE /* Debug */ = {
			isa = XCBuildConfiguration;
			buildSettings = {
				ASSETCATALOG_COMPILER_APPICON_NAME = AppIcon;
				ASSETCATALOG_COMPILER_GLOBAL_ACCENT_COLOR_NAME = AccentColor;
				CODE_SIGN_STYLE = Automatic;
				CURRENT_PROJECT_VERSION = 1;
				DEVELOPMENT_ASSET_PATHS = "\"Trekker/Preview Content\"";
				DEVELOPMENT_TEAM = U2UJF84RQD;
				ENABLE_PREVIEWS = YES;
				GENERATE_INFOPLIST_FILE = YES;
				INFOPLIST_KEY_UIApplicationSceneManifest_Generation = YES;
				INFOPLIST_KEY_UIApplicationSupportsIndirectInputEvents = YES;
				INFOPLIST_KEY_UILaunchScreen_Generation = YES;
				INFOPLIST_KEY_UISupportedInterfaceOrientations_iPad = "UIInterfaceOrientationPortrait UIInterfaceOrientationPortraitUpsideDown UIInterfaceOrientationLandscapeLeft UIInterfaceOrientationLandscapeRight";
				INFOPLIST_KEY_UISupportedInterfaceOrientations_iPhone = "UIInterfaceOrientationPortrait UIInterfaceOrientationLandscapeLeft UIInterfaceOrientationLandscapeRight";
				LD_RUNPATH_SEARCH_PATHS = (
					"$(inherited)",
					"@executable_path/Frameworks",
				);
				MARKETING_VERSION = 1.0;
				PRODUCT_BUNDLE_IDENTIFIER = com.obami.Trekker;
				PRODUCT_NAME = "$(TARGET_NAME)";
				SWIFT_EMIT_LOC_STRINGS = YES;
				SWIFT_VERSION = 5.0;
				TARGETED_DEVICE_FAMILY = "1,2";
			};
			name = Debug;
		};
		841900FC29C734FA00FC53BE /* Release */ = {
			isa = XCBuildConfiguration;
			buildSettings = {
				ASSETCATALOG_COMPILER_APPICON_NAME = AppIcon;
				ASSETCATALOG_COMPILER_GLOBAL_ACCENT_COLOR_NAME = AccentColor;
				CODE_SIGN_STYLE = Automatic;
				CURRENT_PROJECT_VERSION = 1;
				DEVELOPMENT_ASSET_PATHS = "\"Trekker/Preview Content\"";
				DEVELOPMENT_TEAM = U2UJF84RQD;
				ENABLE_PREVIEWS = YES;
				GENERATE_INFOPLIST_FILE = YES;
				INFOPLIST_KEY_UIApplicationSceneManifest_Generation = YES;
				INFOPLIST_KEY_UIApplicationSupportsIndirectInputEvents = YES;
				INFOPLIST_KEY_UILaunchScreen_Generation = YES;
				INFOPLIST_KEY_UISupportedInterfaceOrientations_iPad = "UIInterfaceOrientationPortrait UIInterfaceOrientationPortraitUpsideDown UIInterfaceOrientationLandscapeLeft UIInterfaceOrientationLandscapeRight";
				INFOPLIST_KEY_UISupportedInterfaceOrientations_iPhone = "UIInterfaceOrientationPortrait UIInterfaceOrientationLandscapeLeft UIInterfaceOrientationLandscapeRight";
				LD_RUNPATH_SEARCH_PATHS = (
					"$(inherited)",
					"@executable_path/Frameworks",
				);
				MARKETING_VERSION = 1.0;
				PRODUCT_BUNDLE_IDENTIFIER = com.obami.Trekker;
				PRODUCT_NAME = "$(TARGET_NAME)";
				SWIFT_EMIT_LOC_STRINGS = YES;
				SWIFT_VERSION = 5.0;
				TARGETED_DEVICE_FAMILY = "1,2";
			};
			name = Release;
		};
/* End XCBuildConfiguration section */

/* Begin XCConfigurationList section */
		841900E729C734F800FC53BE /* Build configuration list for PBXProject "Trekker" */ = {
			isa = XCConfigurationList;
			buildConfigurations = (
				841900F829C734FA00FC53BE /* Debug */,
				841900F929C734FA00FC53BE /* Release */,
			);
			defaultConfigurationIsVisible = 0;
			defaultConfigurationName = Release;
		};
		841900FA29C734FA00FC53BE /* Build configuration list for PBXNativeTarget "Trekker" */ = {
			isa = XCConfigurationList;
			buildConfigurations = (
				841900FB29C734FA00FC53BE /* Debug */,
				841900FC29C734FA00FC53BE /* Release */,
			);
			defaultConfigurationIsVisible = 0;
			defaultConfigurationName = Release;
		};
/* End XCConfigurationList section */
	};
	rootObject = 841900E429C734F800FC53BE /* Project object */;
}
